
Microsoft Visual Studio Solution File, Format Version 12.00
# Visual Studio 14
VisualStudioVersion = 14.0.25420.1
MinimumVisualStudioVersion = 10.0.40219.1
Project("{FAE04EC0-301F-11D3-BF4B-00C04F79EFBC}") = "Mvc5RepeaterHelper", "Mvc5RepeaterHelper.csproj", "{D11E42D3-2A50-4DC1-9F1A-0726EDBDD8E6}"
EndProject
Project("{2150E333-8FDC-42A3-9474-1A3956D46DE8}") = "Test", "Test", "{E0C16E32-018F-40A7-8998-EBE16743154C}"
EndProject
Project("{FAE04EC0-301F-11D3-BF4B-00C04F79EFBC}") = "RepeaterTest", "Test\RepeaterTest\RepeaterTest.csproj", "{FFF234DE-40C1-4F9D-9188-EC0F21E7E9E7}"
EndProject
Global
	GlobalSection(SolutionConfigurationPlatforms) = preSolution
		Debug|Any CPU = Debug|Any CPU
		Release|Any CPU = Release|Any CPU
	EndGlobalSection
	GlobalSection(ProjectConfigurationPlatforms) = postSolution
		{D11E42D3-2A50-4DC1-9F1A-0726EDBDD8E6}.Debug|Any CPU.ActiveCfg = Debug|Any CPU
		{D11E42D3-2A50-4DC1-9F1A-0726EDBDD8E6}.Debug|Any CPU.Build.0 = Debug|Any CPU
		{D11E42D3-2A50-4DC1-9F1A-0726EDBDD8E6}.Release|Any CPU.ActiveCfg = Release|Any CPU
		{D11E42D3-2A50-4DC1-9F1A-0726EDBDD8E6}.Release|Any CPU.Build.0 = Release|Any CPU
		{FFF234DE-40C1-4F9D-9188-EC0F21E7E9E7}.Debug|Any CPU.ActiveCfg = Debug|Any CPU
		{FFF234DE-40C1-4F9D-9188-EC0F21E7E9E7}.Debug|Any CPU.Build.0 = Debug|Any CPU
		{FFF234DE-40C1-4F9D-9188-EC0F21E7E9E7}.Release|Any CPU.ActiveCfg = Release|Any CPU
		{FFF234DE-40C1-4F9D-9188-EC0F21E7E9E7}.Release|Any CPU.Build.0 = Release|Any CPU
	EndGlobalSection
	GlobalSection(SolutionProperties) = preSolution
		HideSolutionNode = FALSE
	EndGlobalSection
	GlobalSection(NestedProjects) = preSolution
		{FFF234DE-40C1-4F9D-9188-EC0F21E7E9E7} = {E0C16E32-018F-40A7-8998-EBE16743154C}
	EndGlobalSection
EndGlobal
